<?xml version="1.0" encoding="UTF-8" standalone="yes" ?>
<CodeBlocks_project_file>
	<FileVersion major="1" minor="6" />
	<Project>
		<Option title="MSRCR" />
		<Option pch_mode="2" />
		<Option compiler="gcc" />
		<Build>
			<Target title="Debug">
				<Option output="bin/Debug/MSRCR" prefix_auto="1" extension_auto="1" />
				<Option object_output="obj/Debug/" />
				<Option type="1" />
				<Option compiler="gcc" />
				<Compiler>
					<Add option="-g" />
					<Add directory="E:/CV2413_MinGW_5.3.0_i686/include" />
					<Add directory="E:/CV2413_MinGW_5.3.0_i686/include/opencv" />
					<Add directory="E:/CV2413_MinGW_5.3.0_i686/include/opencv2" />
				</Compiler>
				<Linker>
					<Add library="E:/CV2413_MinGW_5.3.0_i686/x86/mingw/lib/libopencv_calib3d2413.dll.a" />
					<Add library="E:/CV2413_MinGW_5.3.0_i686/x86/mingw/lib/libopencv_contrib2413.dll.a" />
					<Add library="E:/CV2413_MinGW_5.3.0_i686/x86/mingw/lib/libopencv_core2413.dll.a" />
					<Add library="E:/CV2413_MinGW_5.3.0_i686/x86/mingw/lib/libopencv_features2d2413.dll.a" />
					<Add library="E:/CV2413_MinGW_5.3.0_i686/x86/mingw/lib/libopencv_flann2413.dll.a" />
					<Add library="E:/CV2413_MinGW_5.3.0_i686/x86/mingw/lib/libopencv_gpu2413.dll.a" />
					<Add library="E:/CV2413_MinGW_5.3.0_i686/x86/mingw/lib/libopencv_highgui2413.dll.a" />
					<Add library="E:/CV2413_MinGW_5.3.0_i686/x86/mingw/lib/libopencv_imgproc2413.dll.a" />
					<Add library="E:/CV2413_MinGW_5.3.0_i686/x86/mingw/lib/libopencv_legacy2413.dll.a" />
					<Add library="E:/CV2413_MinGW_5.3.0_i686/x86/mingw/lib/libopencv_ml2413.dll.a" />
					<Add library="E:/CV2413_MinGW_5.3.0_i686/x86/mingw/lib/libopencv_nonfree2413.dll.a" />
					<Add library="E:/CV2413_MinGW_5.3.0_i686/x86/mingw/lib/libopencv_objdetect2413.dll.a" />
					<Add library="E:/CV2413_MinGW_5.3.0_i686/x86/mingw/lib/libopencv_ocl2413.dll.a" />
					<Add library="E:/CV2413_MinGW_5.3.0_i686/x86/mingw/lib/libopencv_photo2413.dll.a" />
					<Add library="E:/CV2413_MinGW_5.3.0_i686/x86/mingw/lib/libopencv_stitching2413.dll.a" />
					<Add library="E:/CV2413_MinGW_5.3.0_i686/x86/mingw/lib/libopencv_superres2413.dll.a" />
					<Add library="E:/CV2413_MinGW_5.3.0_i686/x86/mingw/lib/libopencv_ts2413.a" />
					<Add library="E:/CV2413_MinGW_5.3.0_i686/x86/mingw/lib/libopencv_video2413.dll.a" />
					<Add library="E:/CV2413_MinGW_5.3.0_i686/x86/mingw/lib/libopencv_videostab2413.dll.a" />
					<Add directory="E:/CV2413_MinGW_5.3.0_i686/x86/mingw/lib" />
				</Linker>
			</Target>
			<Target title="Release">
				<Option output="bin/Release/MSRCR" prefix_auto="1" extension_auto="1" />
				<Option object_output="obj/Release/" />
				<Option type="1" />
				<Option compiler="gcc" />
				<Compiler>
					<Add option="-O2" />
				</Compiler>
				<Linker>
					<Add option="-s" />
				</Linker>
			</Target>
		</Build>
		<Compiler>
			<Add option="-Wall" />
			<Add option="-fexceptions" />
		</Compiler>
		<Unit filename="main.cpp" />
		<Unit filename="retinex.cpp" />
		<Extensions>
			<code_completion />
			<envvars />
			<debugger />
			<lib_finder disable_auto="1" />
		</Extensions>
	</Project>
</CodeBlocks_project_file>
